
Microsoft Visual Studio Solution File, Format Version 12.00
# Visual Studio Version 16
VisualStudioVersion = 16.0.32126.315
MinimumVisualStudioVersion = 10.0.40219.1
Project("{FAE04EC0-301F-11D3-BF4B-00C04F79EFBC}") = "Diary", "Diary\Diary.csproj", "{176D32BA-FB01-472C-8D0D-03F33B7DCB9A}"
EndProject
Global
	GlobalSection(SolutionConfigurationPlatforms) = preSolution
		Debug|Any CPU = Debug|Any CPU
		Release|Any CPU = Release|Any CPU
	EndGlobalSection
	GlobalSection(ProjectConfigurationPlatforms) = postSolution
		{176D32BA-FB01-472C-8D0D-03F33B7DCB9A}.Debug|Any CPU.ActiveCfg = Debug|Any CPU
		{176D32BA-FB01-472C-8D0D-03F33B7DCB9A}.Debug|Any CPU.Build.0 = Debug|Any CPU
		{176D32BA-FB01-472C-8D0D-03F33B7DCB9A}.Release|Any CPU.ActiveCfg = Release|Any CPU
		{176D32BA-FB01-472C-8D0D-03F33B7DCB9A}.Release|Any CPU.Build.0 = Release|Any CPU
	EndGlobalSection
	GlobalSection(SolutionProperties) = preSolution
		HideSolutionNode = FALSE
	EndGlobalSection
	GlobalSection(ExtensibilityGlobals) = postSolution
		SolutionGuid = {FF14AEC0-B568-4E50-8BA9-50CF632D77E4}
	EndGlobalSection
EndGlobal
